
Microsoft Visual Studio Solution File, Format Version 12.00
# Visual Studio Version 17
VisualStudioVersion = 17.0.31903.59
MinimumVisualStudioVersion = 10.0.40219.1
Project("{FAE04EC0-301F-11D3-BF4B-00C04F79EFBC}") = "SabreTools.Serialization.Ui.Web", "SabreTools.Serialization.Ui.Web\SabreTools.Serialization.Ui.Web.csproj", "{F338DED5-DA66-4AAD-81DE-DCCC9CBD8E88}"
EndProject
Project("{FAE04EC0-301F-11D3-BF4B-00C04F79EFBC}") = "SabreTools.Serialization.Ui.Desktop", "SabreTools.Serialization.Ui.Desktop\SabreTools.Serialization.Ui.Desktop.csproj", "{DC8E320D-D977-4282-BACB-46313F186E3A}"
EndProject
Global
	GlobalSection(SolutionConfigurationPlatforms) = preSolution
		Debug|Any CPU = Debug|Any CPU
		Release|Any CPU = Release|Any CPU
	EndGlobalSection
	GlobalSection(SolutionProperties) = preSolution
		HideSolutionNode = FALSE
	EndGlobalSection
	GlobalSection(ProjectConfigurationPlatforms) = postSolution
		{F338DED5-DA66-4AAD-81DE-DCCC9CBD8E88}.Debug|Any CPU.ActiveCfg = Debug|Any CPU
		{F338DED5-DA66-4AAD-81DE-DCCC9CBD8E88}.Debug|Any CPU.Build.0 = Debug|Any CPU
		{F338DED5-DA66-4AAD-81DE-DCCC9CBD8E88}.Release|Any CPU.ActiveCfg = Release|Any CPU
		{F338DED5-DA66-4AAD-81DE-DCCC9CBD8E88}.Release|Any CPU.Build.0 = Release|Any CPU
		{DC8E320D-D977-4282-BACB-46313F186E3A}.Debug|Any CPU.ActiveCfg = Debug|Any CPU
		{DC8E320D-D977-4282-BACB-46313F186E3A}.Debug|Any CPU.Build.0 = Debug|Any CPU
		{DC8E320D-D977-4282-BACB-46313F186E3A}.Release|Any CPU.ActiveCfg = Release|Any CPU
		{DC8E320D-D977-4282-BACB-46313F186E3A}.Release|Any CPU.Build.0 = Release|Any CPU
	EndGlobalSection
EndGlobal
